
Microsoft Visual Studio Solution File, Format Version 12.00
# Visual Studio Version 17
VisualStudioVersion = 17.1.32407.343
MinimumVisualStudioVersion = 10.0.40219.1
Project("{FAE04EC0-301F-11D3-BF4B-00C04F79EFBC}") = "SecondTask", "SecondTask.csproj", "{F17F7FE3-3E9E-49EE-B081-552F699645CD}"
EndProject
Global
	GlobalSection(SolutionConfigurationPlatforms) = preSolution
		Debug|Any CPU = Debug|Any CPU
		Release|Any CPU = Release|Any CPU
	EndGlobalSection
	GlobalSection(ProjectConfigurationPlatforms) = postSolution
		{F17F7FE3-3E9E-49EE-B081-552F699645CD}.Debug|Any CPU.ActiveCfg = Debug|Any CPU
		{F17F7FE3-3E9E-49EE-B081-552F699645CD}.Debug|Any CPU.Build.0 = Debug|Any CPU
		{F17F7FE3-3E9E-49EE-B081-552F699645CD}.Release|Any CPU.ActiveCfg = Release|Any CPU
		{F17F7FE3-3E9E-49EE-B081-552F699645CD}.Release|Any CPU.Build.0 = Release|Any CPU
	EndGlobalSection
	GlobalSection(SolutionProperties) = preSolution
		HideSolutionNode = FALSE
	EndGlobalSection
	GlobalSection(ExtensibilityGlobals) = postSolution
		SolutionGuid = {81C89445-821B-41D4-A696-EEC84CA29BCC}
	EndGlobalSection
EndGlobal
